
Microsoft Visual Studio Solution File, Format Version 12.00
# Visual Studio Version 16
VisualStudioVersion = 16.0.31424.327
MinimumVisualStudioVersion = 10.0.40219.1
Project("{00D1A9C2-B5F0-4AF3-8072-F6C62B433612}") = "Demo_DB_01", "Demo_DB_01\Demo_DB_01.sqlproj", "{914827A8-E021-47AA-831A-288265CBB2C3}"
EndProject
Global
	GlobalSection(SolutionConfigurationPlatforms) = preSolution
		Debug|Any CPU = Debug|Any CPU
		Release|Any CPU = Release|Any CPU
	EndGlobalSection
	GlobalSection(ProjectConfigurationPlatforms) = postSolution
		{914827A8-E021-47AA-831A-288265CBB2C3}.Debug|Any CPU.ActiveCfg = Debug|Any CPU
		{914827A8-E021-47AA-831A-288265CBB2C3}.Debug|Any CPU.Build.0 = Debug|Any CPU
		{914827A8-E021-47AA-831A-288265CBB2C3}.Debug|Any CPU.Deploy.0 = Debug|Any CPU
		{914827A8-E021-47AA-831A-288265CBB2C3}.Release|Any CPU.ActiveCfg = Release|Any CPU
		{914827A8-E021-47AA-831A-288265CBB2C3}.Release|Any CPU.Build.0 = Release|Any CPU
		{914827A8-E021-47AA-831A-288265CBB2C3}.Release|Any CPU.Deploy.0 = Release|Any CPU
	EndGlobalSection
	GlobalSection(SolutionProperties) = preSolution
		HideSolutionNode = FALSE
	EndGlobalSection
	GlobalSection(ExtensibilityGlobals) = postSolution
		SolutionGuid = {FF5FD2FB-2D39-4E76-8336-EF56E5C8B8C5}
	EndGlobalSection
EndGlobal
